
Microsoft Visual Studio Solution File, Format Version 12.00
# Visual Studio Version 16
VisualStudioVersion = 16.0.29519.181
MinimumVisualStudioVersion = 10.0.40219.1
Project("{9A19103F-16F7-4668-BE54-9A1E7A4F7556}") = "CupCom.WebSite", "CupCom.WebSite\CupCom.WebSite.csproj", "{CE0B99B0-A91F-4D0E-A921-6E333F422D00}"
EndProject
Global
	GlobalSection(SolutionConfigurationPlatforms) = preSolution
		Debug|Any CPU = Debug|Any CPU
		Release|Any CPU = Release|Any CPU
	EndGlobalSection
	GlobalSection(ProjectConfigurationPlatforms) = postSolution
		{CE0B99B0-A91F-4D0E-A921-6E333F422D00}.Debug|Any CPU.ActiveCfg = Debug|Any CPU
		{CE0B99B0-A91F-4D0E-A921-6E333F422D00}.Debug|Any CPU.Build.0 = Debug|Any CPU
		{CE0B99B0-A91F-4D0E-A921-6E333F422D00}.Release|Any CPU.ActiveCfg = Release|Any CPU
		{CE0B99B0-A91F-4D0E-A921-6E333F422D00}.Release|Any CPU.Build.0 = Release|Any CPU
	EndGlobalSection
	GlobalSection(SolutionProperties) = preSolution
		HideSolutionNode = FALSE
	EndGlobalSection
	GlobalSection(ExtensibilityGlobals) = postSolution
		SolutionGuid = {EF83C1BF-56D3-47D5-9F89-558F7B6A1223}
	EndGlobalSection
EndGlobal
